# This file is automatically @generated by Cargo.
# It is not intended for manual editing.
[[package]]
name = "game-of-life-rust"
version = "0.1.0"
dependencies = [
 "termi-graphics 0.1.6 (registry+https://github.com/rust-lang/crates.io-index)",
]

[[package]]
name = "termi-graphics"
version = "0.1.6"
source = "registry+https://github.com/rust-lang/crates.io-index"

[metadata]
"checksum termi-graphics 0.1.6 (registry+https://github.com/rust-lang/crates.io-index)" = "01087d6660294c6b54fdfa3871689ab5844c59cf307c406f92153f8660f67af3"
